// !$*UTF8*$!
{
	archiveVersion = 1;
	classes = {
	};
	objectVersion = 46;
	objects = {

/* Begin PBXBuildFile section */
		3C162A291A84AC0E00F5505F /* EUExLoadingView.m in Sources */ = {isa = PBXBuildFile; fileRef = 3C162A241A84AC0E00F5505F /* EUExLoadingView.m */; };
		3C162A2A1A84AC0E00F5505F /* MONActivityIndicatorView.m in Sources */ = {isa = PBXBuildFile; fileRef = 3C162A281A84AC0E00F5505F /* MONActivityIndicatorView.m */; settings = {COMPILER_FLAGS = "-fobjc-arc"; }; };
		3C162A2C1A84AC9F00F5505F /* CoreTelephony.framework in Frameworks */ = {isa = PBXBuildFile; fileRef = 3C162A2B1A84AC9F00F5505F /* CoreTelephony.framework */; };
		3C162A2E1A84ACA600F5505F /* AudioToolbox.framework in Frameworks */ = {isa = PBXBuildFile; fileRef = 3C162A2D1A84ACA600F5505F /* AudioToolbox.framework */; };
		3C162A301A84ACAC00F5505F /* MobileCoreServices.framework in Frameworks */ = {isa = PBXBuildFile; fileRef = 3C162A2F1A84ACAC00F5505F /* MobileCoreServices.framework */; };
		3C162A321A84ACB300F5505F /* libz.dylib in Frameworks */ = {isa = PBXBuildFile; fileRef = 3C162A311A84ACB300F5505F /* libz.dylib */; };
		3C162A341A84ACBF00F5505F /* libsqlite3.dylib in Frameworks */ = {isa = PBXBuildFile; fileRef = 3C162A331A84ACBF00F5505F /* libsqlite3.dylib */; };
		3C162A361A84ACC600F5505F /* SystemConfiguration.framework in Frameworks */ = {isa = PBXBuildFile; fileRef = 3C162A351A84ACC600F5505F /* SystemConfiguration.framework */; };
		3C162A381A84ACCB00F5505F /* UIKit.framework in Frameworks */ = {isa = PBXBuildFile; fileRef = 3C162A371A84ACCB00F5505F /* UIKit.framework */; };
		3C162A3A1A84ACD000F5505F /* MapKit.framework in Frameworks */ = {isa = PBXBuildFile; fileRef = 3C162A391A84ACD000F5505F /* MapKit.framework */; };
		3C162A3C1A84AD2800F5505F /* libAppCanEngine_IOS.a in Frameworks */ = {isa = PBXBuildFile; fileRef = 3C162A3B1A84AD2800F5505F /* libAppCanEngine_IOS.a */; };
		3CCE3D891A84AA4D0040DA8A /* Foundation.framework in Frameworks */ = {isa = PBXBuildFile; fileRef = 3CCE3D881A84AA4D0040DA8A /* Foundation.framework */; };
		F7991D341ADCA4DC0047E428 /* TYDotIndicatorView.m in Sources */ = {isa = PBXBuildFile; fileRef = F7991D331ADCA4DC0047E428 /* TYDotIndicatorView.m */; };
/* End PBXBuildFile section */

/* Begin PBXCopyFilesBuildPhase section */
		3CCE3D831A84AA4D0040DA8A /* CopyFiles */ = {
			isa = PBXCopyFilesBuildPhase;
			buildActionMask = 2147483647;
			dstPath = "include/$(PRODUCT_NAME)";
			dstSubfolderSpec = 16;
			files = (
			);
			runOnlyForDeploymentPostprocessing = 0;
		};
/* End PBXCopyFilesBuildPhase section */

/* Begin PBXFileReference section */
		3C162A1F1A84AC0E00F5505F /* EUExBase.h */ = {isa = PBXFileReference; fileEncoding = 4; lastKnownFileType = sourcecode.c.h; path = EUExBase.h; sourceTree = "<group>"; };
		3C162A201A84AC0E00F5505F /* EUExBaseDefine.h */ = {isa = PBXFileReference; fileEncoding = 4; lastKnownFileType = sourcecode.c.h; path = EUExBaseDefine.h; sourceTree = "<group>"; };
		3C162A211A84AC0E00F5505F /* EUtility.h */ = {isa = PBXFileReference; fileEncoding = 4; lastKnownFileType = sourcecode.c.h; path = EUtility.h; sourceTree = "<group>"; };
		3C162A221A84AC0E00F5505F /* EUExLoadingView-Prefix.pch */ = {isa = PBXFileReference; fileEncoding = 4; lastKnownFileType = sourcecode.c.h; name = "EUExLoadingView-Prefix.pch"; path = "EUExLoadingView/EUExLoadingView-Prefix.pch"; sourceTree = SOURCE_ROOT; };
		3C162A231A84AC0E00F5505F /* EUExLoadingView.h */ = {isa = PBXFileReference; fileEncoding = 4; lastKnownFileType = sourcecode.c.h; name = EUExLoadingView.h; path = EUExLoadingView/EUExLoadingView.h; sourceTree = SOURCE_ROOT; };
		3C162A241A84AC0E00F5505F /* EUExLoadingView.m */ = {isa = PBXFileReference; fileEncoding = 4; lastKnownFileType = sourcecode.c.objc; name = EUExLoadingView.m; path = EUExLoadingView/EUExLoadingView.m; sourceTree = SOURCE_ROOT; };
		3C162A271A84AC0E00F5505F /* MONActivityIndicatorView.h */ = {isa = PBXFileReference; fileEncoding = 4; lastKnownFileType = sourcecode.c.h; path = MONActivityIndicatorView.h; sourceTree = "<group>"; };
		3C162A281A84AC0E00F5505F /* MONActivityIndicatorView.m */ = {isa = PBXFileReference; fileEncoding = 4; lastKnownFileType = sourcecode.c.objc; path = MONActivityIndicatorView.m; sourceTree = "<group>"; };
		3C162A2B1A84AC9F00F5505F /* CoreTelephony.framework */ = {isa = PBXFileReference; lastKnownFileType = wrapper.framework; name = CoreTelephony.framework; path = System/Library/Frameworks/CoreTelephony.framework; sourceTree = SDKROOT; };
		3C162A2D1A84ACA600F5505F /* AudioToolbox.framework */ = {isa = PBXFileReference; lastKnownFileType = wrapper.framework; name = AudioToolbox.framework; path = System/Library/Frameworks/AudioToolbox.framework; sourceTree = SDKROOT; };
		3C162A2F1A84ACAC00F5505F /* MobileCoreServices.framework */ = {isa = PBXFileReference; lastKnownFileType = wrapper.framework; name = MobileCoreServices.framework; path = System/Library/Frameworks/MobileCoreServices.framework; sourceTree = SDKROOT; };
		3C162A311A84ACB300F5505F /* libz.dylib */ = {isa = PBXFileReference; lastKnownFileType = "compiled.mach-o.dylib"; name = libz.dylib; path = usr/lib/libz.dylib; sourceTree = SDKROOT; };
		3C162A331A84ACBF00F5505F /* libsqlite3.dylib */ = {isa = PBXFileReference; lastKnownFileType = "compiled.mach-o.dylib"; name = libsqlite3.dylib; path = usr/lib/libsqlite3.dylib; sourceTree = SDKROOT; };
		3C162A351A84ACC600F5505F /* SystemConfiguration.framework */ = {isa = PBXFileReference; lastKnownFileType = wrapper.framework; name = SystemConfiguration.framework; path = System/Library/Frameworks/SystemConfiguration.framework; sourceTree = SDKROOT; };
		3C162A371A84ACCB00F5505F /* UIKit.framework */ = {isa = PBXFileReference; lastKnownFileType = wrapper.framework; name = UIKit.framework; path = System/Library/Frameworks/UIKit.framework; sourceTree = SDKROOT; };
		3C162A391A84ACD000F5505F /* MapKit.framework */ = {isa = PBXFileReference; lastKnownFileType = wrapper.framework; name = MapKit.framework; path = System/Library/Frameworks/MapKit.framework; sourceTree = SDKROOT; };
		3C162A3B1A84AD2800F5505F /* libAppCanEngine_IOS.a */ = {isa = PBXFileReference; lastKnownFileType = archive.ar; name = libAppCanEngine_IOS.a; path = ../libAppCanEngine_IOS.a; sourceTree = "<group>"; };
		3CCE3D851A84AA4D0040DA8A /* uexLoadingView.dylib */ = {isa = PBXFileReference; explicitFileType = "compiled.mach-o.dylib"; includeInIndex = 0; path = uexLoadingView.dylib; sourceTree = BUILT_PRODUCTS_DIR; };
		3CCE3D881A84AA4D0040DA8A /* Foundation.framework */ = {isa = PBXFileReference; lastKnownFileType = wrapper.framework; name = Foundation.framework; path = System/Library/Frameworks/Foundation.framework; sourceTree = SDKROOT; };
		F7991D2B1ADCA4A80047E428 /* JSON.h */ = {isa = PBXFileReference; fileEncoding = 4; lastKnownFileType = sourcecode.c.h; path = JSON.h; sourceTree = "<group>"; };
		F7991D2C1ADCA4A80047E428 /* NSObject+SBJSON.h */ = {isa = PBXFileReference; fileEncoding = 4; lastKnownFileType = sourcecode.c.h; path = "NSObject+SBJSON.h"; sourceTree = "<group>"; };
		F7991D2D1ADCA4A80047E428 /* NSString+SBJSON.h */ = {isa = PBXFileReference; fileEncoding = 4; lastKnownFileType = sourcecode.c.h; path = "NSString+SBJSON.h"; sourceTree = "<group>"; };
		F7991D2E1ADCA4A80047E428 /* SBJSON.h */ = {isa = PBXFileReference; fileEncoding = 4; lastKnownFileType = sourcecode.c.h; path = SBJSON.h; sourceTree = "<group>"; };
		F7991D2F1ADCA4A80047E428 /* SBJsonBase.h */ = {isa = PBXFileReference; fileEncoding = 4; lastKnownFileType = sourcecode.c.h; path = SBJsonBase.h; sourceTree = "<group>"; };
		F7991D301ADCA4A80047E428 /* SBJsonParser.h */ = {isa = PBXFileReference; fileEncoding = 4; lastKnownFileType = sourcecode.c.h; path = SBJsonParser.h; sourceTree = "<group>"; };
		F7991D311ADCA4A80047E428 /* SBJsonWriter.h */ = {isa = PBXFileReference; fileEncoding = 4; lastKnownFileType = sourcecode.c.h; path = SBJsonWriter.h; sourceTree = "<group>"; };
		F7991D321ADCA4DC0047E428 /* TYDotIndicatorView.h */ = {isa = PBXFileReference; fileEncoding = 4; lastKnownFileType = sourcecode.c.h; path = TYDotIndicatorView.h; sourceTree = "<group>"; };
		F7991D331ADCA4DC0047E428 /* TYDotIndicatorView.m */ = {isa = PBXFileReference; fileEncoding = 4; lastKnownFileType = sourcecode.c.objc; path = TYDotIndicatorView.m; sourceTree = "<group>"; };
/* End PBXFileReference section */

/* Begin PBXFrameworksBuildPhase section */
		3CCE3D821A84AA4D0040DA8A /* Frameworks */ = {
			isa = PBXFrameworksBuildPhase;
			buildActionMask = 2147483647;
			files = (
				3C162A3C1A84AD2800F5505F /* libAppCanEngine_IOS.a in Frameworks */,
				3CCE3D891A84AA4D0040DA8A /* Foundation.framework in Frameworks */,
				3C162A3A1A84ACD000F5505F /* MapKit.framework in Frameworks */,
				3C162A381A84ACCB00F5505F /* UIKit.framework in Frameworks */,
				3C162A361A84ACC600F5505F /* SystemConfiguration.framework in Frameworks */,
				3C162A341A84ACBF00F5505F /* libsqlite3.dylib in Frameworks */,
				3C162A321A84ACB300F5505F /* libz.dylib in Frameworks */,
				3C162A301A84ACAC00F5505F /* MobileCoreServices.framework in Frameworks */,
				3C162A2E1A84ACA600F5505F /* AudioToolbox.framework in Frameworks */,
				3C162A2C1A84AC9F00F5505F /* CoreTelephony.framework in Frameworks */,
			);
			runOnlyForDeploymentPostprocessing = 0;
		};
/* End PBXFrameworksBuildPhase section */

/* Begin PBXGroup section */
		3C162A1E1A84AC0E00F5505F /* engineHeader */ = {
			isa = PBXGroup;
			children = (
				3C162A1F1A84AC0E00F5505F /* EUExBase.h */,
				3C162A201A84AC0E00F5505F /* EUExBaseDefine.h */,
				3C162A211A84AC0E00F5505F /* EUtility.h */,
			);
			name = engineHeader;
			path = EUExLoadingView/engineHeader;
			sourceTree = SOURCE_ROOT;
		};
		3C162A251A84AC0E00F5505F /* sourceCode */ = {
			isa = PBXGroup;
			children = (
				F7991D2A1ADCA4A80047E428 /* JSON */,
				3C162A261A84AC0E00F5505F /* MONActivityIndicatorView */,
			);
			name = sourceCode;
			path = EUExLoadingView/sourceCode;
			sourceTree = SOURCE_ROOT;
		};
		3C162A261A84AC0E00F5505F /* MONActivityIndicatorView */ = {
			isa = PBXGroup;
			children = (
				F7991D321ADCA4DC0047E428 /* TYDotIndicatorView.h */,
				F7991D331ADCA4DC0047E428 /* TYDotIndicatorView.m */,
				3C162A271A84AC0E00F5505F /* MONActivityIndicatorView.h */,
				3C162A281A84AC0E00F5505F /* MONActivityIndicatorView.m */,
			);
			path = MONActivityIndicatorView;
			sourceTree = "<group>";
		};
		3CCE3D7C1A84AA4D0040DA8A = {
			isa = PBXGroup;
			children = (
				3CCE3D8A1A84AA4D0040DA8A /* uexLoadingView */,
				3CCE3D871A84AA4D0040DA8A /* Frameworks */,
				3CCE3D861A84AA4D0040DA8A /* Products */,
			);
			sourceTree = "<group>";
		};
		3CCE3D861A84AA4D0040DA8A /* Products */ = {
			isa = PBXGroup;
			children = (
				3CCE3D851A84AA4D0040DA8A /* uexLoadingView.dylib */,
			);
			name = Products;
			sourceTree = "<group>";
		};
		3CCE3D871A84AA4D0040DA8A /* Frameworks */ = {
			isa = PBXGroup;
			children = (
				3C162A3B1A84AD2800F5505F /* libAppCanEngine_IOS.a */,
				3C162A391A84ACD000F5505F /* MapKit.framework */,
				3C162A371A84ACCB00F5505F /* UIKit.framework */,
				3C162A351A84ACC600F5505F /* SystemConfiguration.framework */,
				3C162A331A84ACBF00F5505F /* libsqlite3.dylib */,
				3C162A311A84ACB300F5505F /* libz.dylib */,
				3C162A2F1A84ACAC00F5505F /* MobileCoreServices.framework */,
				3C162A2D1A84ACA600F5505F /* AudioToolbox.framework */,
				3C162A2B1A84AC9F00F5505F /* CoreTelephony.framework */,
				3CCE3D881A84AA4D0040DA8A /* Foundation.framework */,
			);
			name = Frameworks;
			sourceTree = "<group>";
		};
		3CCE3D8A1A84AA4D0040DA8A /* uexLoadingView */ = {
			isa = PBXGroup;
			children = (
				3C162A1E1A84AC0E00F5505F /* engineHeader */,
				3C162A221A84AC0E00F5505F /* EUExLoadingView-Prefix.pch */,
				3C162A231A84AC0E00F5505F /* EUExLoadingView.h */,
				3C162A241A84AC0E00F5505F /* EUExLoadingView.m */,
				3C162A251A84AC0E00F5505F /* sourceCode */,
				3CCE3D8B1A84AA4D0040DA8A /* Supporting Files */,
			);
			path = uexLoadingView;
			sourceTree = "<group>";
		};
		3CCE3D8B1A84AA4D0040DA8A /* Supporting Files */ = {
			isa = PBXGroup;
			children = (
			);
			name = "Supporting Files";
			sourceTree = "<group>";
		};
		F7991D2A1ADCA4A80047E428 /* JSON */ = {
			isa = PBXGroup;
			children = (
				F7991D2B1ADCA4A80047E428 /* JSON.h */,
				F7991D2C1ADCA4A80047E428 /* NSObject+SBJSON.h */,
				F7991D2D1ADCA4A80047E428 /* NSString+SBJSON.h */,
				F7991D2E1ADCA4A80047E428 /* SBJSON.h */,
				F7991D2F1ADCA4A80047E428 /* SBJsonBase.h */,
				F7991D301ADCA4A80047E428 /* SBJsonParser.h */,
				F7991D311ADCA4A80047E428 /* SBJsonWriter.h */,
			);
			name = JSON;
			path = EUExLoadingView/JSON;
			sourceTree = SOURCE_ROOT;
		};
/* End PBXGroup section */

/* Begin PBXNativeTarget section */
		3CCE3D841A84AA4D0040DA8A /* uexLoadingView */ = {
			isa = PBXNativeTarget;
			buildConfigurationList = 3CCE3DA81A84AA4D0040DA8A /* Build configuration list for PBXNativeTarget "uexLoadingView" */;
			buildPhases = (
				3CCE3D811A84AA4D0040DA8A /* Sources */,
				3CCE3D821A84AA4D0040DA8A /* Frameworks */,
				3CCE3D831A84AA4D0040DA8A /* CopyFiles */,
			);
			buildRules = (
			);
			dependencies = (
			);
			name = uexLoadingView;
			productName = uexLoadingView;
			productReference = 3CCE3D851A84AA4D0040DA8A /* uexLoadingView.dylib */;
			productType = "com.apple.product-type.library.dynamic";
		};
/* End PBXNativeTarget section */

/* Begin PBXProject section */
		3CCE3D7D1A84AA4D0040DA8A /* Project object */ = {
			isa = PBXProject;
			attributes = {
				LastUpgradeCheck = 0510;
				ORGANIZATIONNAME = "zhijian du";
			};
			buildConfigurationList = 3CCE3D801A84AA4D0040DA8A /* Build configuration list for PBXProject "uexLoadingView" */;
			compatibilityVersion = "Xcode 3.2";
			developmentRegion = English;
			hasScannedForEncodings = 0;
			knownRegions = (
				en,
			);
			mainGroup = 3CCE3D7C1A84AA4D0040DA8A;
			productRefGroup = 3CCE3D861A84AA4D0040DA8A /* Products */;
			projectDirPath = "";
			projectRoot = "";
			targets = (
				3CCE3D841A84AA4D0040DA8A /* uexLoadingView */,
			);
		};
/* End PBXProject section */

/* Begin PBXSourcesBuildPhase section */
		3CCE3D811A84AA4D0040DA8A /* Sources */ = {
			isa = PBXSourcesBuildPhase;
			buildActionMask = 2147483647;
			files = (
				F7991D341ADCA4DC0047E428 /* TYDotIndicatorView.m in Sources */,
				3C162A2A1A84AC0E00F5505F /* MONActivityIndicatorView.m in Sources */,
				3C162A291A84AC0E00F5505F /* EUExLoadingView.m in Sources */,
			);
			runOnlyForDeploymentPostprocessing = 0;
		};
/* End PBXSourcesBuildPhase section */

/* Begin XCBuildConfiguration section */
		3CCE3DA61A84AA4D0040DA8A /* Debug */ = {
			isa = XCBuildConfiguration;
			buildSettings = {
				ALWAYS_SEARCH_USER_PATHS = NO;
				CLANG_CXX_LANGUAGE_STANDARD = "gnu++0x";
				CLANG_CXX_LIBRARY = "libc++";
				CLANG_ENABLE_MODULES = YES;
				CLANG_ENABLE_OBJC_ARC = YES;
				CLANG_WARN_BOOL_CONVERSION = YES;
				CLANG_WARN_CONSTANT_CONVERSION = YES;
				CLANG_WARN_DIRECT_OBJC_ISA_USAGE = YES_ERROR;
				CLANG_WARN_EMPTY_BODY = YES;
				CLANG_WARN_ENUM_CONVERSION = YES;
				CLANG_WARN_INT_CONVERSION = YES;
				CLANG_WARN_OBJC_ROOT_CLASS = YES_ERROR;
				CLANG_WARN__DUPLICATE_METHOD_MATCH = YES;
				COPY_PHASE_STRIP = NO;
				GCC_C_LANGUAGE_STANDARD = gnu99;
				GCC_DYNAMIC_NO_PIC = NO;
				GCC_OPTIMIZATION_LEVEL = 0;
				GCC_PREPROCESSOR_DEFINITIONS = (
					"DEBUG=1",
					"$(inherited)",
				);
				GCC_SYMBOLS_PRIVATE_EXTERN = NO;
				GCC_WARN_64_TO_32_BIT_CONVERSION = YES;
				GCC_WARN_ABOUT_RETURN_TYPE = YES_ERROR;
				GCC_WARN_UNDECLARED_SELECTOR = YES;
				GCC_WARN_UNINITIALIZED_AUTOS = YES_AGGRESSIVE;
				GCC_WARN_UNUSED_FUNCTION = YES;
				GCC_WARN_UNUSED_VARIABLE = YES;
				IPHONEOS_DEPLOYMENT_TARGET = 5.0;
				ONLY_ACTIVE_ARCH = YES;
				SDKROOT = iphoneos;
			};
			name = Debug;
		};
		3CCE3DA71A84AA4D0040DA8A /* Release */ = {
			isa = XCBuildConfiguration;
			buildSettings = {
				ALWAYS_SEARCH_USER_PATHS = NO;
				CLANG_CXX_LANGUAGE_STANDARD = "gnu++0x";
				CLANG_CXX_LIBRARY = "libc++";
				CLANG_ENABLE_MODULES = YES;
				CLANG_ENABLE_OBJC_ARC = YES;
				CLANG_WARN_BOOL_CONVERSION = YES;
				CLANG_WARN_CONSTANT_CONVERSION = YES;
				CLANG_WARN_DIRECT_OBJC_ISA_USAGE = YES_ERROR;
				CLANG_WARN_EMPTY_BODY = YES;
				CLANG_WARN_ENUM_CONVERSION = YES;
				CLANG_WARN_INT_CONVERSION = YES;
				CLANG_WARN_OBJC_ROOT_CLASS = YES_ERROR;
				CLANG_WARN__DUPLICATE_METHOD_MATCH = YES;
				COPY_PHASE_STRIP = YES;
				ENABLE_NS_ASSERTIONS = NO;
				GCC_C_LANGUAGE_STANDARD = gnu99;
				GCC_WARN_64_TO_32_BIT_CONVERSION = YES;
				GCC_WARN_ABOUT_RETURN_TYPE = YES_ERROR;
				GCC_WARN_UNDECLARED_SELECTOR = YES;
				GCC_WARN_UNINITIALIZED_AUTOS = YES_AGGRESSIVE;
				GCC_WARN_UNUSED_FUNCTION = YES;
				GCC_WARN_UNUSED_VARIABLE = YES;
				IPHONEOS_DEPLOYMENT_TARGET = 5.0;
				SDKROOT = iphoneos;
				VALIDATE_PRODUCT = YES;
			};
			name = Release;
		};
		3CCE3DA91A84AA4D0040DA8A /* Debug */ = {
			isa = XCBuildConfiguration;
			buildSettings = {
				CLANG_ENABLE_OBJC_ARC = NO;
				CODE_SIGN_IDENTITY = "iPhone Developer: leilei xu (T8E4RVNP82)";
				CONFIGURATION_BUILD_DIR = "$(SRCROOT)/uexLoadingView/";
				DEBUG_INFORMATION_FORMAT = dwarf;
				DSTROOT = /tmp/uexLoadingView.dst;
				GCC_PRECOMPILE_PREFIX_HEADER = YES;
				GCC_PREFIX_HEADER = "EUExLoadingView/EUExLoadingView-Prefix.pch";
				LIBRARY_SEARCH_PATHS = (
					"$(SRCROOT)/../",
					"/Users/yangfan/Desktop/公司插件/uexLoadingView",
				);
				ONLY_ACTIVE_ARCH = NO;
				OTHER_LDFLAGS = "-ObjC";
				PRODUCT_NAME = "$(TARGET_NAME)";
				PROVISIONING_PROFILE = "";
				SKIP_INSTALL = YES;
				VALID_ARCHS = "armv7 armv7s";
			};
			name = Debug;
		};
		3CCE3DAA1A84AA4D0040DA8A /* Release */ = {
			isa = XCBuildConfiguration;
			buildSettings = {
				CLANG_ENABLE_OBJC_ARC = NO;
				CODE_SIGN_IDENTITY = "iPhone Developer: leilei xu (T8E4RVNP82)";
				CONFIGURATION_BUILD_DIR = "$(SRCROOT)/uexLoadingView/";
				DEBUG_INFORMATION_FORMAT = dwarf;
				DSTROOT = /tmp/uexLoadingView.dst;
				GCC_PRECOMPILE_PREFIX_HEADER = YES;
				GCC_PREFIX_HEADER = "EUExLoadingView/EUExLoadingView-Prefix.pch";
				LIBRARY_SEARCH_PATHS = (
					"$(SRCROOT)/../",
					"/Users/yangfan/Desktop/公司插件/uexLoadingView",
				);
				OTHER_LDFLAGS = "-ObjC";
				PRODUCT_NAME = "$(TARGET_NAME)";
				PROVISIONING_PROFILE = "";
				SKIP_INSTALL = YES;
				VALID_ARCHS = "armv7 armv7s";
			};
			name = Release;
		};
/* End XCBuildConfiguration section */

/* Begin XCConfigurationList section */
		3CCE3D801A84AA4D0040DA8A /* Build configuration list for PBXProject "uexLoadingView" */ = {
			isa = XCConfigurationList;
			buildConfigurations = (
				3CCE3DA61A84AA4D0040DA8A /* Debug */,
				3CCE3DA71A84AA4D0040DA8A /* Release */,
			);
			defaultConfigurationIsVisible = 0;
			defaultConfigurationName = Release;
		};
		3CCE3DA81A84AA4D0040DA8A /* Build configuration list for PBXNativeTarget "uexLoadingView" */ = {
			isa = XCConfigurationList;
			buildConfigurations = (
				3CCE3DA91A84AA4D0040DA8A /* Debug */,
				3CCE3DAA1A84AA4D0040DA8A /* Release */,
			);
			defaultConfigurationIsVisible = 0;
			defaultConfigurationName = Release;
		};
/* End XCConfigurationList section */
	};
	rootObject = 3CCE3D7D1A84AA4D0040DA8A /* Project object */;
}
